// !$*UTF8*$!
{
	archiveVersion = 1;
	classes = {
	};
	objectVersion = 46;
	objects = {

/* Begin PBXBuildFile section */
		D4C01C8F1C48E6A7005F0EAA /* AppDelegate.swift in Sources */ = {isa = PBXBuildFile; fileRef = D4C01C8E1C48E6A7005F0EAA /* AppDelegate.swift */; };
		D4C01C911C48E6A7005F0EAA /* YJViewController.swift in Sources */ = {isa = PBXBuildFile; fileRef = D4C01C901C48E6A7005F0EAA /* YJViewController.swift */; };
		D4C01C941C48E6A7005F0EAA /* Main.storyboard in Resources */ = {isa = PBXBuildFile; fileRef = D4C01C921C48E6A7005F0EAA /* Main.storyboard */; };
		D4C01C961C48E6A7005F0EAA /* Assets.xcassets in Resources */ = {isa = PBXBuildFile; fileRef = D4C01C951C48E6A7005F0EAA /* Assets.xcassets */; };
		D4C01C991C48E6A7005F0EAA /* LaunchScreen.storyboard in Resources */ = {isa = PBXBuildFile; fileRef = D4C01C971C48E6A7005F0EAA /* LaunchScreen.storyboard */; };
		D4C01CA41C48E6A7005F0EAA /* MVPTests.swift in Sources */ = {isa = PBXBuildFile; fileRef = D4C01CA31C48E6A7005F0EAA /* MVPTests.swift */; };
		D4C01CAF1C48E6A7005F0EAA /* MVPUITests.swift in Sources */ = {isa = PBXBuildFile; fileRef = D4C01CAE1C48E6A7005F0EAA /* MVPUITests.swift */; };
		D4C01CC31C48EA83005F0EAA /* YJModel.swift in Sources */ = {isa = PBXBuildFile; fileRef = D4C01CC21C48EA83005F0EAA /* YJModel.swift */; };
		D4C01CC71C48EAE6005F0EAA /* YJPresenter.swift in Sources */ = {isa = PBXBuildFile; fileRef = D4C01CC61C48EAE6005F0EAA /* YJPresenter.swift */; };
/* End PBXBuildFile section */

/* Begin PBXContainerItemProxy section */
		D4C01CA01C48E6A7005F0EAA /* PBXContainerItemProxy */ = {
			isa = PBXContainerItemProxy;
			containerPortal = D4C01C831C48E6A7005F0EAA /* Project object */;
			proxyType = 1;
			remoteGlobalIDString = D4C01C8A1C48E6A7005F0EAA;
			remoteInfo = MVP;
		};
		D4C01CAB1C48E6A7005F0EAA /* PBXContainerItemProxy */ = {
			isa = PBXContainerItemProxy;
			containerPortal = D4C01C831C48E6A7005F0EAA /* Project object */;
			proxyType = 1;
			remoteGlobalIDString = D4C01C8A1C48E6A7005F0EAA;
			remoteInfo = MVP;
		};
/* End PBXContainerItemProxy section */

/* Begin PBXFileReference section */
		D4C01C8B1C48E6A7005F0EAA /* MVP.app */ = {isa = PBXFileReference; explicitFileType = wrapper.application; includeInIndex = 0; path = MVP.app; sourceTree = BUILT_PRODUCTS_DIR; };
		D4C01C8E1C48E6A7005F0EAA /* AppDelegate.swift */ = {isa = PBXFileReference; lastKnownFileType = sourcecode.swift; path = AppDelegate.swift; sourceTree = "<group>"; };
		D4C01C901C48E6A7005F0EAA /* YJViewController.swift */ = {isa = PBXFileReference; lastKnownFileType = sourcecode.swift; path = YJViewController.swift; sourceTree = "<group>"; };
		D4C01C931C48E6A7005F0EAA /* Base */ = {isa = PBXFileReference; lastKnownFileType = file.storyboard; name = Base; path = Base.lproj/Main.storyboard; sourceTree = "<group>"; };
		D4C01C951C48E6A7005F0EAA /* Assets.xcassets */ = {isa = PBXFileReference; lastKnownFileType = folder.assetcatalog; path = Assets.xcassets; sourceTree = "<group>"; };
		D4C01C981C48E6A7005F0EAA /* Base */ = {isa = PBXFileReference; lastKnownFileType = file.storyboard; name = Base; path = Base.lproj/LaunchScreen.storyboard; sourceTree = "<group>"; };
		D4C01C9A1C48E6A7005F0EAA /* Info.plist */ = {isa = PBXFileReference; lastKnownFileType = text.plist.xml; path = Info.plist; sourceTree = "<group>"; };
		D4C01C9F1C48E6A7005F0EAA /* MVPTests.xctest */ = {isa = PBXFileReference; explicitFileType = wrapper.cfbundle; includeInIndex = 0; path = MVPTests.xctest; sourceTree = BUILT_PRODUCTS_DIR; };
		D4C01CA31C48E6A7005F0EAA /* MVPTests.swift */ = {isa = PBXFileReference; lastKnownFileType = sourcecode.swift; path = MVPTests.swift; sourceTree = "<group>"; };
		D4C01CA51C48E6A7005F0EAA /* Info.plist */ = {isa = PBXFileReference; lastKnownFileType = text.plist.xml; path = Info.plist; sourceTree = "<group>"; };
		D4C01CAA1C48E6A7005F0EAA /* MVPUITests.xctest */ = {isa = PBXFileReference; explicitFileType = wrapper.cfbundle; includeInIndex = 0; path = MVPUITests.xctest; sourceTree = BUILT_PRODUCTS_DIR; };
		D4C01CAE1C48E6A7005F0EAA /* MVPUITests.swift */ = {isa = PBXFileReference; lastKnownFileType = sourcecode.swift; path = MVPUITests.swift; sourceTree = "<group>"; };
		D4C01CB01C48E6A7005F0EAA /* Info.plist */ = {isa = PBXFileReference; lastKnownFileType = text.plist.xml; path = Info.plist; sourceTree = "<group>"; };
		D4C01CC21C48EA83005F0EAA /* YJModel.swift */ = {isa = PBXFileReference; fileEncoding = 4; lastKnownFileType = sourcecode.swift; path = YJModel.swift; sourceTree = "<group>"; };
		D4C01CC61C48EAE6005F0EAA /* YJPresenter.swift */ = {isa = PBXFileReference; fileEncoding = 4; lastKnownFileType = sourcecode.swift; path = YJPresenter.swift; sourceTree = "<group>"; };
/* End PBXFileReference section */

/* Begin PBXFrameworksBuildPhase section */
		D4C01C881C48E6A7005F0EAA /* Frameworks */ = {
			isa = PBXFrameworksBuildPhase;
			buildActionMask = 2147483647;
			files = (
			);
			runOnlyForDeploymentPostprocessing = 0;
		};
		D4C01C9C1C48E6A7005F0EAA /* Frameworks */ = {
			isa = PBXFrameworksBuildPhase;
			buildActionMask = 2147483647;
			files = (
			);
			runOnlyForDeploymentPostprocessing = 0;
		};
		D4C01CA71C48E6A7005F0EAA /* Frameworks */ = {
			isa = PBXFrameworksBuildPhase;
			buildActionMask = 2147483647;
			files = (
			);
			runOnlyForDeploymentPostprocessing = 0;
		};
/* End PBXFrameworksBuildPhase section */

/* Begin PBXGroup section */
		D4C01C821C48E6A7005F0EAA = {
			isa = PBXGroup;
			children = (
				D4C01C8D1C48E6A7005F0EAA /* MVP */,
				D4C01CA21C48E6A7005F0EAA /* MVPTests */,
				D4C01CAD1C48E6A7005F0EAA /* MVPUITests */,
				D4C01C8C1C48E6A7005F0EAA /* Products */,
			);
			sourceTree = "<group>";
		};
		D4C01C8C1C48E6A7005F0EAA /* Products */ = {
			isa = PBXGroup;
			children = (
				D4C01C8B1C48E6A7005F0EAA /* MVP.app */,
				D4C01C9F1C48E6A7005F0EAA /* MVPTests.xctest */,
				D4C01CAA1C48E6A7005F0EAA /* MVPUITests.xctest */,
			);
			name = Products;
			sourceTree = "<group>";
		};
		D4C01C8D1C48E6A7005F0EAA /* MVP */ = {
			isa = PBXGroup;
			children = (
				D4C01C8E1C48E6A7005F0EAA /* AppDelegate.swift */,
				D4C01CBE1C48EA05005F0EAA /* Main */,
				D4C01CC01C48EA42005F0EAA /* Presenter */,
				D4C01CC11C48EA4F005F0EAA /* Model */,
				D4C01CBD1C48E9F4005F0EAA /* Resources */,
				D4C01CBC1C48E9EA005F0EAA /* Storyboard */,
			);
			path = MVP;
			sourceTree = "<group>";
		};
		D4C01CA21C48E6A7005F0EAA /* MVPTests */ = {
			isa = PBXGroup;
			children = (
				D4C01CA31C48E6A7005F0EAA /* MVPTests.swift */,
				D4C01CA51C48E6A7005F0EAA /* Info.plist */,
			);
			path = MVPTests;
			sourceTree = "<group>";
		};
		D4C01CAD1C48E6A7005F0EAA /* MVPUITests */ = {
			isa = PBXGroup;
			children = (
				D4C01CAE1C48E6A7005F0EAA /* MVPUITests.swift */,
				D4C01CB01C48E6A7005F0EAA /* Info.plist */,
			);
			path = MVPUITests;
			sourceTree = "<group>";
		};
		D4C01CBC1C48E9EA005F0EAA /* Storyboard */ = {
			isa = PBXGroup;
			children = (
				D4C01C921C48E6A7005F0EAA /* Main.storyboard */,
				D4C01C971C48E6A7005F0EAA /* LaunchScreen.storyboard */,
			);
			name = Storyboard;
			sourceTree = "<group>";
		};
		D4C01CBD1C48E9F4005F0EAA /* Resources */ = {
			isa = PBXGroup;
			children = (
				D4C01C9A1C48E6A7005F0EAA /* Info.plist */,
				D4C01C951C48E6A7005F0EAA /* Assets.xcassets */,
			);
			name = Resources;
			sourceTree = "<group>";
		};
		D4C01CBE1C48EA05005F0EAA /* Main */ = {
			isa = PBXGroup;
			children = (
				D4C01C901C48E6A7005F0EAA /* YJViewController.swift */,
			);
			name = Main;
			sourceTree = "<group>";
		};
		D4C01CC01C48EA42005F0EAA /* Presenter */ = {
			isa = PBXGroup;
			children = (
				D4C01CC61C48EAE6005F0EAA /* YJPresenter.swift */,
			);
			name = Presenter;
			sourceTree = "<group>";
		};
		D4C01CC11C48EA4F005F0EAA /* Model */ = {
			isa = PBXGroup;
			children = (
				D4C01CC21C48EA83005F0EAA /* YJModel.swift */,
			);
			name = Model;
			sourceTree = "<group>";
		};
/* End PBXGroup section */

/* Begin PBXNativeTarget section */
		D4C01C8A1C48E6A7005F0EAA /* MVP */ = {
			isa = PBXNativeTarget;
			buildConfigurationList = D4C01CB31C48E6A7005F0EAA /* Build configuration list for PBXNativeTarget "MVP" */;
			buildPhases = (
				D4C01C871C48E6A7005F0EAA /* Sources */,
				D4C01C881C48E6A7005F0EAA /* Frameworks */,
				D4C01C891C48E6A7005F0EAA /* Resources */,
			);
			buildRules = (
			);
			dependencies = (
			);
			name = MVP;
			productName = MVP;
			productReference = D4C01C8B1C48E6A7005F0EAA /* MVP.app */;
			productType = "com.apple.product-type.application";
		};
		D4C01C9E1C48E6A7005F0EAA /* MVPTests */ = {
			isa = PBXNativeTarget;
			buildConfigurationList = D4C01CB61C48E6A7005F0EAA /* Build configuration list for PBXNativeTarget "MVPTests" */;
			buildPhases = (
				D4C01C9B1C48E6A7005F0EAA /* Sources */,
				D4C01C9C1C48E6A7005F0EAA /* Frameworks */,
				D4C01C9D1C48E6A7005F0EAA /* Resources */,
			);
			buildRules = (
			);
			dependencies = (
				D4C01CA11C48E6A7005F0EAA /* PBXTargetDependency */,
			);
			name = MVPTests;
			productName = MVPTests;
			productReference = D4C01C9F1C48E6A7005F0EAA /* MVPTests.xctest */;
			productType = "com.apple.product-type.bundle.unit-test";
		};
		D4C01CA91C48E6A7005F0EAA /* MVPUITests */ = {
			isa = PBXNativeTarget;
			buildConfigurationList = D4C01CB91C48E6A7005F0EAA /* Build configuration list for PBXNativeTarget "MVPUITests" */;
			buildPhases = (
				D4C01CA61C48E6A7005F0EAA /* Sources */,
				D4C01CA71C48E6A7005F0EAA /* Frameworks */,
				D4C01CA81C48E6A7005F0EAA /* Resources */,
			);
			buildRules = (
			);
			dependencies = (
				D4C01CAC1C48E6A7005F0EAA /* PBXTargetDependency */,
			);
			name = MVPUITests;
			productName = MVPUITests;
			productReference = D4C01CAA1C48E6A7005F0EAA /* MVPUITests.xctest */;
			productType = "com.apple.product-type.bundle.ui-testing";
		};
/* End PBXNativeTarget section */

/* Begin PBXProject section */
		D4C01C831C48E6A7005F0EAA /* Project object */ = {
			isa = PBXProject;
			attributes = {
				CLASSPREFIX = YJ;
				LastSwiftUpdateCheck = 0720;
				LastUpgradeCheck = 0720;
				ORGANIZATIONNAME = "阳君";
				TargetAttributes = {
					D4C01C8A1C48E6A7005F0EAA = {
						CreatedOnToolsVersion = 7.2;
					};
					D4C01C9E1C48E6A7005F0EAA = {
						CreatedOnToolsVersion = 7.2;
						TestTargetID = D4C01C8A1C48E6A7005F0EAA;
					};
					D4C01CA91C48E6A7005F0EAA = {
						CreatedOnToolsVersion = 7.2;
						TestTargetID = D4C01C8A1C48E6A7005F0EAA;
					};
				};
			};
			buildConfigurationList = D4C01C861C48E6A7005F0EAA /* Build configuration list for PBXProject "MVP" */;
			compatibilityVersion = "Xcode 3.2";
			developmentRegion = English;
			hasScannedForEncodings = 0;
			knownRegions = (
				en,
				Base,
			);
			mainGroup = D4C01C821C48E6A7005F0EAA;
			productRefGroup = D4C01C8C1C48E6A7005F0EAA /* Products */;
			projectDirPath = "";
			projectRoot = "";
			targets = (
				D4C01C8A1C48E6A7005F0EAA /* MVP */,
				D4C01C9E1C48E6A7005F0EAA /* MVPTests */,
				D4C01CA91C48E6A7005F0EAA /* MVPUITests */,
			);
		};
/* End PBXProject section */

/* Begin PBXResourcesBuildPhase section */
		D4C01C891C48E6A7005F0EAA /* Resources */ = {
			isa = PBXResourcesBuildPhase;
			buildActionMask = 2147483647;
			files = (
				D4C01C991C48E6A7005F0EAA /* LaunchScreen.storyboard in Resources */,
				D4C01C961C48E6A7005F0EAA /* Assets.xcassets in Resources */,
				D4C01C941C48E6A7005F0EAA /* Main.storyboard in Resources */,
			);
			runOnlyForDeploymentPostprocessing = 0;
		};
		D4C01C9D1C48E6A7005F0EAA /* Resources */ = {
			isa = PBXResourcesBuildPhase;
			buildActionMask = 2147483647;
			files = (
			);
			runOnlyForDeploymentPostprocessing = 0;
		};
		D4C01CA81C48E6A7005F0EAA /* Resources */ = {
			isa = PBXResourcesBuildPhase;
			buildActionMask = 2147483647;
			files = (
			);
			runOnlyForDeploymentPostprocessing = 0;
		};
/* End PBXResourcesBuildPhase section */

/* Begin PBXSourcesBuildPhase section */
		D4C01C871C48E6A7005F0EAA /* Sources */ = {
			isa = PBXSourcesBuildPhase;
			buildActionMask = 2147483647;
			files = (
				D4C01C911C48E6A7005F0EAA /* YJViewController.swift in Sources */,
				D4C01C8F1C48E6A7005F0EAA /* AppDelegate.swift in Sources */,
				D4C01CC71C48EAE6005F0EAA /* YJPresenter.swift in Sources */,
				D4C01CC31C48EA83005F0EAA /* YJModel.swift in Sources */,
			);
			runOnlyForDeploymentPostprocessing = 0;
		};
		D4C01C9B1C48E6A7005F0EAA /* Sources */ = {
			isa = PBXSourcesBuildPhase;
			buildActionMask = 2147483647;
			files = (
				D4C01CA41C48E6A7005F0EAA /* MVPTests.swift in Sources */,
			);
			runOnlyForDeploymentPostprocessing = 0;
		};
		D4C01CA61C48E6A7005F0EAA /* Sources */ = {
			isa = PBXSourcesBuildPhase;
			buildActionMask = 2147483647;
			files = (
				D4C01CAF1C48E6A7005F0EAA /* MVPUITests.swift in Sources */,
			);
			runOnlyForDeploymentPostprocessing = 0;
		};
/* End PBXSourcesBuildPhase section */

/* Begin PBXTargetDependency section */
		D4C01CA11C48E6A7005F0EAA /* PBXTargetDependency */ = {
			isa = PBXTargetDependency;
			target = D4C01C8A1C48E6A7005F0EAA /* MVP */;
			targetProxy = D4C01CA01C48E6A7005F0EAA /* PBXContainerItemProxy */;
		};
		D4C01CAC1C48E6A7005F0EAA /* PBXTargetDependency */ = {
			isa = PBXTargetDependency;
			target = D4C01C8A1C48E6A7005F0EAA /* MVP */;
			targetProxy = D4C01CAB1C48E6A7005F0EAA /* PBXContainerItemProxy */;
		};
/* End PBXTargetDependency section */

/* Begin PBXVariantGroup section */
		D4C01C921C48E6A7005F0EAA /* Main.storyboard */ = {
			isa = PBXVariantGroup;
			children = (
				D4C01C931C48E6A7005F0EAA /* Base */,
			);
			name = Main.storyboard;
			sourceTree = "<group>";
		};
		D4C01C971C48E6A7005F0EAA /* LaunchScreen.storyboard */ = {
			isa = PBXVariantGroup;
			children = (
				D4C01C981C48E6A7005F0EAA /* Base */,
			);
			name = LaunchScreen.storyboard;
			sourceTree = "<group>";
		};
/* End PBXVariantGroup section */

/* Begin XCBuildConfiguration section */
		D4C01CB11C48E6A7005F0EAA /* Debug */ = {
			isa = XCBuildConfiguration;
			buildSettings = {
				ALWAYS_SEARCH_USER_PATHS = NO;
				CLANG_CXX_LANGUAGE_STANDARD = "gnu++0x";
				CLANG_CXX_LIBRARY = "libc++";
				CLANG_ENABLE_MODULES = YES;
				CLANG_ENABLE_OBJC_ARC = YES;
				CLANG_WARN_BOOL_CONVERSION = YES;
				CLANG_WARN_CONSTANT_CONVERSION = YES;
				CLANG_WARN_DIRECT_OBJC_ISA_USAGE = YES_ERROR;
				CLANG_WARN_EMPTY_BODY = YES;
				CLANG_WARN_ENUM_CONVERSION = YES;
				CLANG_WARN_INT_CONVERSION = YES;
				CLANG_WARN_OBJC_ROOT_CLASS = YES_ERROR;
				CLANG_WARN_UNREACHABLE_CODE = YES;
				CLANG_WARN__DUPLICATE_METHOD_MATCH = YES;
				"CODE_SIGN_IDENTITY[sdk=iphoneos*]" = "iPhone Developer";
				COPY_PHASE_STRIP = NO;
				DEBUG_INFORMATION_FORMAT = dwarf;
				ENABLE_STRICT_OBJC_MSGSEND = YES;
				ENABLE_TESTABILITY = YES;
				GCC_C_LANGUAGE_STANDARD = gnu99;
				GCC_DYNAMIC_NO_PIC = NO;
				GCC_NO_COMMON_BLOCKS = YES;
				GCC_OPTIMIZATION_LEVEL = 0;
				GCC_PREPROCESSOR_DEFINITIONS = (
					"DEBUG=1",
					"$(inherited)",
				);
				GCC_WARN_64_TO_32_BIT_CONVERSION = YES;
				GCC_WARN_ABOUT_RETURN_TYPE = YES_ERROR;
				GCC_WARN_UNDECLARED_SELECTOR = YES;
				GCC_WARN_UNINITIALIZED_AUTOS = YES_AGGRESSIVE;
				GCC_WARN_UNUSED_FUNCTION = YES;
				GCC_WARN_UNUSED_VARIABLE = YES;
				IPHONEOS_DEPLOYMENT_TARGET = 9.2;
				MTL_ENABLE_DEBUG_INFO = YES;
				ONLY_ACTIVE_ARCH = YES;
				SDKROOT = iphoneos;
				SWIFT_OPTIMIZATION_LEVEL = "-Onone";
				TARGETED_DEVICE_FAMILY = "1,2";
			};
			name = Debug;
		};
		D4C01CB21C48E6A7005F0EAA /* Release */ = {
			isa = XCBuildConfiguration;
			buildSettings = {
				ALWAYS_SEARCH_USER_PATHS = NO;
				CLANG_CXX_LANGUAGE_STANDARD = "gnu++0x";
				CLANG_CXX_LIBRARY = "libc++";
				CLANG_ENABLE_MODULES = YES;
				CLANG_ENABLE_OBJC_ARC = YES;
				CLANG_WARN_BOOL_CONVERSION = YES;
				CLANG_WARN_CONSTANT_CONVERSION = YES;
				CLANG_WARN_DIRECT_OBJC_ISA_USAGE = YES_ERROR;
				CLANG_WARN_EMPTY_BODY = YES;
				CLANG_WARN_ENUM_CONVERSION = YES;
				CLANG_WARN_INT_CONVERSION = YES;
				CLANG_WARN_OBJC_ROOT_CLASS = YES_ERROR;
				CLANG_WARN_UNREACHABLE_CODE = YES;
				CLANG_WARN__DUPLICATE_METHOD_MATCH = YES;
				"CODE_SIGN_IDENTITY[sdk=iphoneos*]" = "iPhone Developer";
				COPY_PHASE_STRIP = NO;
				DEBUG_INFORMATION_FORMAT = "dwarf-with-dsym";
				ENABLE_NS_ASSERTIONS = NO;
				ENABLE_STRICT_OBJC_MSGSEND = YES;
				GCC_C_LANGUAGE_STANDARD = gnu99;
				GCC_NO_COMMON_BLOCKS = YES;
				GCC_WARN_64_TO_32_BIT_CONVERSION = YES;
				GCC_WARN_ABOUT_RETURN_TYPE = YES_ERROR;
				GCC_WARN_UNDECLARED_SELECTOR = YES;
				GCC_WARN_UNINITIALIZED_AUTOS = YES_AGGRESSIVE;
				GCC_WARN_UNUSED_FUNCTION = YES;
				GCC_WARN_UNUSED_VARIABLE = YES;
				IPHONEOS_DEPLOYMENT_TARGET = 9.2;
				MTL_ENABLE_DEBUG_INFO = NO;
				SDKROOT = iphoneos;
				TARGETED_DEVICE_FAMILY = "1,2";
				VALIDATE_PRODUCT = YES;
			};
			name = Release;
		};
		D4C01CB41C48E6A7005F0EAA /* Debug */ = {
			isa = XCBuildConfiguration;
			buildSettings = {
				ASSETCATALOG_COMPILER_APPICON_NAME = AppIcon;
				INFOPLIST_FILE = MVP/Info.plist;
				LD_RUNPATH_SEARCH_PATHS = "$(inherited) @executable_path/Frameworks";
				PRODUCT_BUNDLE_IDENTIFIER = com.MVP;
				PRODUCT_NAME = "$(TARGET_NAME)";
			};
			name = Debug;
		};
		D4C01CB51C48E6A7005F0EAA /* Release */ = {
			isa = XCBuildConfiguration;
			buildSettings = {
				ASSETCATALOG_COMPILER_APPICON_NAME = AppIcon;
				INFOPLIST_FILE = MVP/Info.plist;
				LD_RUNPATH_SEARCH_PATHS = "$(inherited) @executable_path/Frameworks";
				PRODUCT_BUNDLE_IDENTIFIER = com.MVP;
				PRODUCT_NAME = "$(TARGET_NAME)";
			};
			name = Release;
		};
		D4C01CB71C48E6A7005F0EAA /* Debug */ = {
			isa = XCBuildConfiguration;
			buildSettings = {
				BUNDLE_LOADER = "$(TEST_HOST)";
				INFOPLIST_FILE = MVPTests/Info.plist;
				LD_RUNPATH_SEARCH_PATHS = "$(inherited) @executable_path/Frameworks @loader_path/Frameworks";
				PRODUCT_BUNDLE_IDENTIFIER = com.MVPTests;
				PRODUCT_NAME = "$(TARGET_NAME)";
				TEST_HOST = "$(BUILT_PRODUCTS_DIR)/MVP.app/MVP";
			};
			name = Debug;
		};
		D4C01CB81C48E6A7005F0EAA /* Release */ = {
			isa = XCBuildConfiguration;
			buildSettings = {
				BUNDLE_LOADER = "$(TEST_HOST)";
				INFOPLIST_FILE = MVPTests/Info.plist;
				LD_RUNPATH_SEARCH_PATHS = "$(inherited) @executable_path/Frameworks @loader_path/Frameworks";
				PRODUCT_BUNDLE_IDENTIFIER = com.MVPTests;
				PRODUCT_NAME = "$(TARGET_NAME)";
				TEST_HOST = "$(BUILT_PRODUCTS_DIR)/MVP.app/MVP";
			};
			name = Release;
		};
		D4C01CBA1C48E6A7005F0EAA /* Debug */ = {
			isa = XCBuildConfiguration;
			buildSettings = {
				INFOPLIST_FILE = MVPUITests/Info.plist;
				LD_RUNPATH_SEARCH_PATHS = "$(inherited) @executable_path/Frameworks @loader_path/Frameworks";
				PRODUCT_BUNDLE_IDENTIFIER = com.MVPUITests;
				PRODUCT_NAME = "$(TARGET_NAME)";
				TEST_TARGET_NAME = MVP;
				USES_XCTRUNNER = YES;
			};
			name = Debug;
		};
		D4C01CBB1C48E6A7005F0EAA /* Release */ = {
			isa = XCBuildConfiguration;
			buildSettings = {
				INFOPLIST_FILE = MVPUITests/Info.plist;
				LD_RUNPATH_SEARCH_PATHS = "$(inherited) @executable_path/Frameworks @loader_path/Frameworks";
				PRODUCT_BUNDLE_IDENTIFIER = com.MVPUITests;
				PRODUCT_NAME = "$(TARGET_NAME)";
				TEST_TARGET_NAME = MVP;
				USES_XCTRUNNER = YES;
			};
			name = Release;
		};
/* End XCBuildConfiguration section */

/* Begin XCConfigurationList section */
		D4C01C861C48E6A7005F0EAA /* Build configuration list for PBXProject "MVP" */ = {
			isa = XCConfigurationList;
			buildConfigurations = (
				D4C01CB11C48E6A7005F0EAA /* Debug */,
				D4C01CB21C48E6A7005F0EAA /* Release */,
			);
			defaultConfigurationIsVisible = 0;
			defaultConfigurationName = Release;
		};
		D4C01CB31C48E6A7005F0EAA /* Build configuration list for PBXNativeTarget "MVP" */ = {
			isa = XCConfigurationList;
			buildConfigurations = (
				D4C01CB41C48E6A7005F0EAA /* Debug */,
				D4C01CB51C48E6A7005F0EAA /* Release */,
			);
			defaultConfigurationIsVisible = 0;
			defaultConfigurationName = Release;
		};
		D4C01CB61C48E6A7005F0EAA /* Build configuration list for PBXNativeTarget "MVPTests" */ = {
			isa = XCConfigurationList;
			buildConfigurations = (
				D4C01CB71C48E6A7005F0EAA /* Debug */,
				D4C01CB81C48E6A7005F0EAA /* Release */,
			);
			defaultConfigurationIsVisible = 0;
			defaultConfigurationName = Release;
		};
		D4C01CB91C48E6A7005F0EAA /* Build configuration list for PBXNativeTarget "MVPUITests" */ = {
			isa = XCConfigurationList;
			buildConfigurations = (
				D4C01CBA1C48E6A7005F0EAA /* Debug */,
				D4C01CBB1C48E6A7005F0EAA /* Release */,
			);
			defaultConfigurationIsVisible = 0;
			defaultConfigurationName = Release;
		};
/* End XCConfigurationList section */
	};
	rootObject = D4C01C831C48E6A7005F0EAA /* Project object */;
}
